
Microsoft Visual Studio Solution File, Format Version 12.00
# Visual Studio 15
VisualStudioVersion = 15.0.26730.16
MinimumVisualStudioVersion = 10.0.40219.1
Project("{FAE04EC0-301F-11D3-BF4B-00C04F79EFBC}") = "Practics_4", "Practics_4\Practics_4.csproj", "{BE823774-FD92-4BA4-BB5E-C18ABA83A547}"
EndProject
Global
	GlobalSection(SolutionConfigurationPlatforms) = preSolution
		Debug|Any CPU = Debug|Any CPU
		Release|Any CPU = Release|Any CPU
	EndGlobalSection
	GlobalSection(ProjectConfigurationPlatforms) = postSolution
		{BE823774-FD92-4BA4-BB5E-C18ABA83A547}.Debug|Any CPU.ActiveCfg = Debug|Any CPU
		{BE823774-FD92-4BA4-BB5E-C18ABA83A547}.Debug|Any CPU.Build.0 = Debug|Any CPU
		{BE823774-FD92-4BA4-BB5E-C18ABA83A547}.Release|Any CPU.ActiveCfg = Release|Any CPU
		{BE823774-FD92-4BA4-BB5E-C18ABA83A547}.Release|Any CPU.Build.0 = Release|Any CPU
	EndGlobalSection
	GlobalSection(SolutionProperties) = preSolution
		HideSolutionNode = FALSE
	EndGlobalSection
	GlobalSection(ExtensibilityGlobals) = postSolution
		SolutionGuid = {A20444B1-6975-4310-A979-425D314DE4B9}
	EndGlobalSection
EndGlobal
