
Microsoft Visual Studio Solution File, Format Version 12.00
# Visual Studio 15
VisualStudioVersion = 15.0.26730.16
MinimumVisualStudioVersion = 10.0.40219.1
Project("{FAE04EC0-301F-11D3-BF4B-00C04F79EFBC}") = "Practics_1", "Practics_1\Practics_1.csproj", "{97E5B0F3-A8B3-4834-B7A4-D484BB5BE9D2}"
EndProject
Global
	GlobalSection(SolutionConfigurationPlatforms) = preSolution
		Debug|Any CPU = Debug|Any CPU
		Release|Any CPU = Release|Any CPU
	EndGlobalSection
	GlobalSection(ProjectConfigurationPlatforms) = postSolution
		{97E5B0F3-A8B3-4834-B7A4-D484BB5BE9D2}.Debug|Any CPU.ActiveCfg = Debug|Any CPU
		{97E5B0F3-A8B3-4834-B7A4-D484BB5BE9D2}.Debug|Any CPU.Build.0 = Debug|Any CPU
		{97E5B0F3-A8B3-4834-B7A4-D484BB5BE9D2}.Release|Any CPU.ActiveCfg = Release|Any CPU
		{97E5B0F3-A8B3-4834-B7A4-D484BB5BE9D2}.Release|Any CPU.Build.0 = Release|Any CPU
	EndGlobalSection
	GlobalSection(SolutionProperties) = preSolution
		HideSolutionNode = FALSE
	EndGlobalSection
	GlobalSection(ExtensibilityGlobals) = postSolution
		SolutionGuid = {63DCF80F-D002-4645-923B-20A6E753F88E}
	EndGlobalSection
EndGlobal
